
Microsoft Visual Studio Solution File, Format Version 12.00
# Visual Studio Version 17
VisualStudioVersion = 17.5.33318.248
MinimumVisualStudioVersion = 10.0.40219.1
Project("{8BC9CEB8-8B4A-11D0-8D11-00A0C91BC942}") = "Ledgeon", "Ledgeon.vcxproj", "{38849BBA-2BB3-44F4-8D46-FBFEA12C091A}"
EndProject
Global
	GlobalSection(SolutionConfigurationPlatforms) = preSolution
		Debug|x64 = Debug|x64
		Debug|x86 = Debug|x86
		Release|x64 = Release|x64
		Release|x86 = Release|x86
	EndGlobalSection
	GlobalSection(ProjectConfigurationPlatforms) = postSolution
		{38849BBA-2BB3-44F4-8D46-FBFEA12C091A}.Debug|x64.ActiveCfg = Debug|x64
		{38849BBA-2BB3-44F4-8D46-FBFEA12C091A}.Debug|x64.Build.0 = Debug|x64
		{38849BBA-2BB3-44F4-8D46-FBFEA12C091A}.Debug|x86.ActiveCfg = Debug|Win32
		{38849BBA-2BB3-44F4-8D46-FBFEA12C091A}.Debug|x86.Build.0 = Debug|Win32
		{38849BBA-2BB3-44F4-8D46-FBFEA12C091A}.Release|x64.ActiveCfg = Release|x64
		{38849BBA-2BB3-44F4-8D46-FBFEA12C091A}.Release|x64.Build.0 = Release|x64
		{38849BBA-2BB3-44F4-8D46-FBFEA12C091A}.Release|x86.ActiveCfg = Release|Win32
		{38849BBA-2BB3-44F4-8D46-FBFEA12C091A}.Release|x86.Build.0 = Release|Win32
	EndGlobalSection
	GlobalSection(SolutionProperties) = preSolution
		HideSolutionNode = FALSE
	EndGlobalSection
	GlobalSection(ExtensibilityGlobals) = postSolution
		SolutionGuid = {F13CBEF8-C923-40B7-A6F1-6D6416881B00}
	EndGlobalSection
EndGlobal
